
Microsoft Visual Studio Solution File, Format Version 12.00
# Visual Studio Version 17
VisualStudioVersion = 17.0.32014.148
MinimumVisualStudioVersion = 10.0.40219.1
Project("{9A19103F-16F7-4668-BE54-9A1E7A4F7556}") = "Plukit.Span", "Plukit.Span\Plukit.Span.csproj", "{47DAA806-BFD5-4B0F-88F9-BF71256D6BD9}"
EndProject
Project("{9A19103F-16F7-4668-BE54-9A1E7A4F7556}") = "Plukit.Span.Test", "Plukit.Span.Test\Plukit.Span.Test.csproj", "{7BA21EF3-BB61-4518-B75F-4DBDB70958D9}"
EndProject
Global
	GlobalSection(SolutionConfigurationPlatforms) = preSolution
		Debug|Any CPU = Debug|Any CPU
	EndGlobalSection
	GlobalSection(ProjectConfigurationPlatforms) = postSolution
		{47DAA806-BFD5-4B0F-88F9-BF71256D6BD9}.Debug|Any CPU.ActiveCfg = Debug|Any CPU
		{47DAA806-BFD5-4B0F-88F9-BF71256D6BD9}.Debug|Any CPU.Build.0 = Debug|Any CPU
		{7BA21EF3-BB61-4518-B75F-4DBDB70958D9}.Debug|Any CPU.ActiveCfg = Debug|Any CPU
		{7BA21EF3-BB61-4518-B75F-4DBDB70958D9}.Debug|Any CPU.Build.0 = Debug|Any CPU
	EndGlobalSection
	GlobalSection(SolutionProperties) = preSolution
		HideSolutionNode = FALSE
	EndGlobalSection
	GlobalSection(ExtensibilityGlobals) = postSolution
		SolutionGuid = {8E56F7FE-7EEF-4C25-B494-E6B31707D804}
	EndGlobalSection
EndGlobal
